
Microsoft Visual Studio Solution File, Format Version 12.00
Project("{FAE04EC0-301F-11D3-BF4B-00C04F79EFBC}") = "PartisanNET.App.Console", "PartisanNET.App.Console\PartisanNET.App.Console.csproj", "{A27BC21A-EBB1-4ABB-91F0-7F350DA5EF56}"
EndProject
Project("{FAE04EC0-301F-11D3-BF4B-00C04F79EFBC}") = "PartisanNET.Core", "PartisanNET.Core\PartisanNET.Core.csproj", "{02346F2A-BB67-4C47-87BE-F3AACF3AE973}"
EndProject
Project("{2150E333-8FDC-42A3-9474-1A3956D46DE8}") = "App", "App", "{637516C2-CCAA-4ED6-ADA1-49B8D3D75640}"
EndProject
Project("{FAE04EC0-301F-11D3-BF4B-00C04F79EFBC}") = "PartisanNET.App.Wpf", "PartisanNET.App.Wpf\PartisanNET.App.Wpf.csproj", "{CDC95CF2-CCF9-433D-8DCC-FBC6B32627B4}"
EndProject
Project("{2150E333-8FDC-42A3-9474-1A3956D46DE8}") = "Base", "Base", "{4183BFCB-BCF5-4346-897E-4C52A6419F6A}"
EndProject
Project("{FAE04EC0-301F-11D3-BF4B-00C04F79EFBC}") = "PartisanNET.Core.Wpf", "PartisanNET.Core.Wpf\PartisanNET.Core.Wpf.csproj", "{A662F673-CFCD-4179-93EA-559BCE80D309}"
EndProject
Project("{2150E333-8FDC-42A3-9474-1A3956D46DE8}") = "Modules", "Modules", "{0731E726-61AD-4D9B-A19C-9F2FCF4540E9}"
EndProject
Project("{FAE04EC0-301F-11D3-BF4B-00C04F79EFBC}") = "PartisanNET.Modules.Dialogs", "PartisanNET.Modules.Dialogs\PartisanNET.Modules.Dialogs.csproj", "{7790D145-E76E-43BB-9D2A-14D608A50916}"
EndProject
Global
	GlobalSection(SolutionConfigurationPlatforms) = preSolution
		Debug|Any CPU = Debug|Any CPU
		Release|Any CPU = Release|Any CPU
	EndGlobalSection
	GlobalSection(ProjectConfigurationPlatforms) = postSolution
		{A27BC21A-EBB1-4ABB-91F0-7F350DA5EF56}.Debug|Any CPU.ActiveCfg = Debug|Any CPU
		{A27BC21A-EBB1-4ABB-91F0-7F350DA5EF56}.Debug|Any CPU.Build.0 = Debug|Any CPU
		{A27BC21A-EBB1-4ABB-91F0-7F350DA5EF56}.Release|Any CPU.ActiveCfg = Release|Any CPU
		{A27BC21A-EBB1-4ABB-91F0-7F350DA5EF56}.Release|Any CPU.Build.0 = Release|Any CPU
		{02346F2A-BB67-4C47-87BE-F3AACF3AE973}.Debug|Any CPU.ActiveCfg = Debug|Any CPU
		{02346F2A-BB67-4C47-87BE-F3AACF3AE973}.Debug|Any CPU.Build.0 = Debug|Any CPU
		{02346F2A-BB67-4C47-87BE-F3AACF3AE973}.Release|Any CPU.ActiveCfg = Release|Any CPU
		{02346F2A-BB67-4C47-87BE-F3AACF3AE973}.Release|Any CPU.Build.0 = Release|Any CPU
		{CDC95CF2-CCF9-433D-8DCC-FBC6B32627B4}.Debug|Any CPU.ActiveCfg = Debug|Any CPU
		{CDC95CF2-CCF9-433D-8DCC-FBC6B32627B4}.Debug|Any CPU.Build.0 = Debug|Any CPU
		{CDC95CF2-CCF9-433D-8DCC-FBC6B32627B4}.Release|Any CPU.ActiveCfg = Release|Any CPU
		{CDC95CF2-CCF9-433D-8DCC-FBC6B32627B4}.Release|Any CPU.Build.0 = Release|Any CPU
		{A662F673-CFCD-4179-93EA-559BCE80D309}.Debug|Any CPU.ActiveCfg = Debug|Any CPU
		{A662F673-CFCD-4179-93EA-559BCE80D309}.Debug|Any CPU.Build.0 = Debug|Any CPU
		{A662F673-CFCD-4179-93EA-559BCE80D309}.Release|Any CPU.ActiveCfg = Release|Any CPU
		{A662F673-CFCD-4179-93EA-559BCE80D309}.Release|Any CPU.Build.0 = Release|Any CPU
		{7790D145-E76E-43BB-9D2A-14D608A50916}.Debug|Any CPU.ActiveCfg = Debug|Any CPU
		{7790D145-E76E-43BB-9D2A-14D608A50916}.Debug|Any CPU.Build.0 = Debug|Any CPU
		{7790D145-E76E-43BB-9D2A-14D608A50916}.Release|Any CPU.ActiveCfg = Release|Any CPU
		{7790D145-E76E-43BB-9D2A-14D608A50916}.Release|Any CPU.Build.0 = Release|Any CPU
	EndGlobalSection
	GlobalSection(NestedProjects) = preSolution
		{CDC95CF2-CCF9-433D-8DCC-FBC6B32627B4} = {637516C2-CCAA-4ED6-ADA1-49B8D3D75640}
		{02346F2A-BB67-4C47-87BE-F3AACF3AE973} = {4183BFCB-BCF5-4346-897E-4C52A6419F6A}
		{A27BC21A-EBB1-4ABB-91F0-7F350DA5EF56} = {637516C2-CCAA-4ED6-ADA1-49B8D3D75640}
		{A662F673-CFCD-4179-93EA-559BCE80D309} = {4183BFCB-BCF5-4346-897E-4C52A6419F6A}
		{7790D145-E76E-43BB-9D2A-14D608A50916} = {0731E726-61AD-4D9B-A19C-9F2FCF4540E9}
	EndGlobalSection
EndGlobal
