
Microsoft Visual Studio Solution File, Format Version 12.00
Project("{FAE04EC0-301F-11D3-BF4B-00C04F79EFBC}") = "PartisanNetwork.App.Console", "PartisanNetwork.App.Console\PartisanNetwork.App.Console.csproj", "{D7EA3A8F-1D92-4DFC-BC0D-A6F999E13CFF}"
EndProject
Project("{FAE04EC0-301F-11D3-BF4B-00C04F79EFBC}") = "PartisanNetwork.Core", "PartisanNetwork.Core\PartisanNetwork.Core.csproj", "{C3C6B8A3-7D4B-44A7-B161-B09B74156684}"
EndProject
Global
	GlobalSection(SolutionConfigurationPlatforms) = preSolution
		Debug|Any CPU = Debug|Any CPU
		Release|Any CPU = Release|Any CPU
	EndGlobalSection
	GlobalSection(ProjectConfigurationPlatforms) = postSolution
		{D7EA3A8F-1D92-4DFC-BC0D-A6F999E13CFF}.Debug|Any CPU.ActiveCfg = Debug|Any CPU
		{D7EA3A8F-1D92-4DFC-BC0D-A6F999E13CFF}.Debug|Any CPU.Build.0 = Debug|Any CPU
		{D7EA3A8F-1D92-4DFC-BC0D-A6F999E13CFF}.Release|Any CPU.ActiveCfg = Release|Any CPU
		{D7EA3A8F-1D92-4DFC-BC0D-A6F999E13CFF}.Release|Any CPU.Build.0 = Release|Any CPU
		{C3C6B8A3-7D4B-44A7-B161-B09B74156684}.Debug|Any CPU.ActiveCfg = Debug|Any CPU
		{C3C6B8A3-7D4B-44A7-B161-B09B74156684}.Debug|Any CPU.Build.0 = Debug|Any CPU
		{C3C6B8A3-7D4B-44A7-B161-B09B74156684}.Release|Any CPU.ActiveCfg = Release|Any CPU
		{C3C6B8A3-7D4B-44A7-B161-B09B74156684}.Release|Any CPU.Build.0 = Release|Any CPU
	EndGlobalSection
EndGlobal
